
Microsoft Visual Studio Solution File, Format Version 12.00
Project("{FAE04EC0-301F-11D3-BF4B-00C04F79EFBC}") = "Demo", "Demo\Client\Demo.csproj", "{4F04C475-E882-423F-A8AB-6E3B1C1CD584}"
EndProject
Project("{FAE04EC0-301F-11D3-BF4B-00C04F79EFBC}") = "DemoHub", "Demo\Hub\DemoHub.csproj", "{E1ABD932-36DF-44A5-BE96-24974D2532BA}"
EndProject
Project("{FAE04EC0-301F-11D3-BF4B-00C04F79EFBC}") = "DemoTest", "Demo\Test\DemoTest.csproj", "{C6446495-2CFA-4C13-898D-6F1D6991655B}"
EndProject
Project("{FAE04EC0-301F-11D3-BF4B-00C04F79EFBC}") = "Todo", "Todo\Client\Todo.csproj", "{7DECE522-9EE4-426D-B07E-3581375295C0}"
EndProject
Project("{FAE04EC0-301F-11D3-BF4B-00C04F79EFBC}") = "TodoHub", "Todo\Hub\TodoHub.csproj", "{621B8A17-FCA0-4CD9-A221-136CADF7EC1E}"
EndProject
Project("{FAE04EC0-301F-11D3-BF4B-00C04F79EFBC}") = "TodoTest", "Todo\Test\TodoTest.csproj", "{A89233C1-12F9-4E6C-845E-F29339B86596}"
EndProject
Project("{FAE04EC0-301F-11D3-BF4B-00C04F79EFBC}") = "SchemaValidation", "SchemaValidation\SchemaValidation.csproj", "{2CFACAA7-A39B-416F-BAAF-7A5BE622E0AF}"
EndProject
Global
	GlobalSection(SolutionConfigurationPlatforms) = preSolution
		Debug|Any CPU = Debug|Any CPU
		Release|Any CPU = Release|Any CPU
	EndGlobalSection
	GlobalSection(ProjectConfigurationPlatforms) = postSolution
		{C6446495-2CFA-4C13-898D-6F1D6991655B}.Debug|Any CPU.ActiveCfg = Debug|Any CPU
		{C6446495-2CFA-4C13-898D-6F1D6991655B}.Debug|Any CPU.Build.0 = Debug|Any CPU
		{C6446495-2CFA-4C13-898D-6F1D6991655B}.Release|Any CPU.ActiveCfg = Release|Any CPU
		{C6446495-2CFA-4C13-898D-6F1D6991655B}.Release|Any CPU.Build.0 = Release|Any CPU
		{A89233C1-12F9-4E6C-845E-F29339B86596}.Debug|Any CPU.ActiveCfg = Debug|Any CPU
		{A89233C1-12F9-4E6C-845E-F29339B86596}.Debug|Any CPU.Build.0 = Debug|Any CPU
		{A89233C1-12F9-4E6C-845E-F29339B86596}.Release|Any CPU.ActiveCfg = Release|Any CPU
		{A89233C1-12F9-4E6C-845E-F29339B86596}.Release|Any CPU.Build.0 = Release|Any CPU
		{4F04C475-E882-423F-A8AB-6E3B1C1CD584}.Debug|Any CPU.ActiveCfg = Debug|Any CPU
		{4F04C475-E882-423F-A8AB-6E3B1C1CD584}.Debug|Any CPU.Build.0 = Debug|Any CPU
		{4F04C475-E882-423F-A8AB-6E3B1C1CD584}.Release|Any CPU.ActiveCfg = Release|Any CPU
		{4F04C475-E882-423F-A8AB-6E3B1C1CD584}.Release|Any CPU.Build.0 = Release|Any CPU
		{E1ABD932-36DF-44A5-BE96-24974D2532BA}.Debug|Any CPU.ActiveCfg = Debug|Any CPU
		{E1ABD932-36DF-44A5-BE96-24974D2532BA}.Debug|Any CPU.Build.0 = Debug|Any CPU
		{E1ABD932-36DF-44A5-BE96-24974D2532BA}.Release|Any CPU.ActiveCfg = Release|Any CPU
		{E1ABD932-36DF-44A5-BE96-24974D2532BA}.Release|Any CPU.Build.0 = Release|Any CPU
		{7DECE522-9EE4-426D-B07E-3581375295C0}.Debug|Any CPU.ActiveCfg = Debug|Any CPU
		{7DECE522-9EE4-426D-B07E-3581375295C0}.Debug|Any CPU.Build.0 = Debug|Any CPU
		{7DECE522-9EE4-426D-B07E-3581375295C0}.Release|Any CPU.ActiveCfg = Release|Any CPU
		{7DECE522-9EE4-426D-B07E-3581375295C0}.Release|Any CPU.Build.0 = Release|Any CPU
		{621B8A17-FCA0-4CD9-A221-136CADF7EC1E}.Debug|Any CPU.ActiveCfg = Debug|Any CPU
		{621B8A17-FCA0-4CD9-A221-136CADF7EC1E}.Debug|Any CPU.Build.0 = Debug|Any CPU
		{621B8A17-FCA0-4CD9-A221-136CADF7EC1E}.Release|Any CPU.ActiveCfg = Release|Any CPU
		{621B8A17-FCA0-4CD9-A221-136CADF7EC1E}.Release|Any CPU.Build.0 = Release|Any CPU
		{2CFACAA7-A39B-416F-BAAF-7A5BE622E0AF}.Debug|Any CPU.ActiveCfg = Debug|Any CPU
		{2CFACAA7-A39B-416F-BAAF-7A5BE622E0AF}.Debug|Any CPU.Build.0 = Debug|Any CPU
		{2CFACAA7-A39B-416F-BAAF-7A5BE622E0AF}.Release|Any CPU.ActiveCfg = Release|Any CPU
		{2CFACAA7-A39B-416F-BAAF-7A5BE622E0AF}.Release|Any CPU.Build.0 = Release|Any CPU
	EndGlobalSection
EndGlobal
